
Microsoft Visual Studio Solution File, Format Version 12.00
# Visual Studio Version 16
VisualStudioVersion = 16.0.31410.357
MinimumVisualStudioVersion = 10.0.40219.1
Project("{FAE04EC0-301F-11D3-BF4B-00C04F79EFBC}") = "Top Reparações", "Top Reparações\Top Reparações.csproj", "{4BED2013-E938-49C7-A249-2D4A98D8A330}"
EndProject
Global
	GlobalSection(SolutionConfigurationPlatforms) = preSolution
		Debug|Any CPU = Debug|Any CPU
		Release|Any CPU = Release|Any CPU
	EndGlobalSection
	GlobalSection(ProjectConfigurationPlatforms) = postSolution
		{4BED2013-E938-49C7-A249-2D4A98D8A330}.Debug|Any CPU.ActiveCfg = Debug|Any CPU
		{4BED2013-E938-49C7-A249-2D4A98D8A330}.Debug|Any CPU.Build.0 = Debug|Any CPU
		{4BED2013-E938-49C7-A249-2D4A98D8A330}.Release|Any CPU.ActiveCfg = Release|Any CPU
		{4BED2013-E938-49C7-A249-2D4A98D8A330}.Release|Any CPU.Build.0 = Release|Any CPU
	EndGlobalSection
	GlobalSection(SolutionProperties) = preSolution
		HideSolutionNode = FALSE
	EndGlobalSection
	GlobalSection(ExtensibilityGlobals) = postSolution
		SolutionGuid = {E7EE8B90-1BF3-4B28-9151-A77B6B496AD5}
	EndGlobalSection
EndGlobal
